{
  "name": "adaptive-ui-control-plane",
  "lockfileVersion": 3,
  "requires": true,
  "packages": {
    "": {
      "name": "adaptive-ui-control-plane",
      "dependencies": {
        "yaml": "^2.6.0"
      }
    },
    "adaptive-ui-framework": {
      "extraneous": true
    },
    "adaptive-ui-framework/packs/core": {
      "name": "@sabbour/adaptive-ui-core",
      "version": "0.3.4",
      "extraneous": true,
      "license": "MIT",
      "dependencies": {
        "@azure/msal-browser": "^5.6.1",
        "@monaco-editor/react": "^4.7.0",
        "@types/prismjs": "^1.26.6",
        "monaco-editor": "^0.55.0",
        "prismjs": "^1.30.0"
      },
      "devDependencies": {
        "react": "^18.3.1",
        "react-dom": "^18.3.1",
        "vite": "^6.0.0"
      },
      "peerDependencies": {
        "react": "^18.3.1",
        "react-dom": "^18.3.1"
      }
    },
    "node_modules/yaml": {
      "version": "2.8.3",
      "resolved": "https://registry.npmjs.org/yaml/-/yaml-2.8.3.tgz",
      "integrity": "sha512-AvbaCLOO2Otw/lW5bmh9d/WEdcDFdQp2Z2ZUH3pX9U2ihyUY0nvLv7J6TrWowklRGPYbB/IuIMfYgxaCPg5Bpg==",
      "license": "ISC",
      "bin": {
        "yaml": "bin.mjs"
      },
      "engines": {
        "node": ">= 14.6"
      },
      "funding": {
        "url": "https://github.com/sponsors/eemeli"
      }
    },
    "packs/adaptive-ui-azure-pack": {
      "name": "@sabbour/adaptive-ui-azure-pack",
      "version": "0.2.0",
      "extraneous": true,
      "license": "MIT",
      "dependencies": {
        "@azure/msal-browser": "^4.29.1"
      },
      "devDependencies": {
        "@types/react": "^18.3.12",
        "@types/react-dom": "^18.3.1",
        "react": "^18.3.1",
        "react-dom": "^18.3.1",
        "typescript": "~5.6.2",
        "vite": "^6.0.0"
      },
      "peerDependencies": {
        "@sabbour/adaptive-ui-core": "^0.2.0",
        "react": "^18.3.1",
        "react-dom": "^18.3.1"
      }
    },
    "packs/adaptive-ui-github-pack": {
      "name": "@sabbour/adaptive-ui-github-pack",
      "version": "0.2.0",
      "extraneous": true,
      "license": "MIT",
      "dependencies": {
        "tweetnacl": "^1.0.3",
        "tweetnacl-sealedbox-js": "^1.2.0",
        "tweetnacl-util": "^0.15.1"
      },
      "devDependencies": {
        "@types/react": "^18.3.12",
        "@types/react-dom": "^18.3.1",
        "react": "^18.3.1",
        "react-dom": "^18.3.1",
        "typescript": "~5.6.2",
        "vite": "^6.0.0"
      },
      "peerDependencies": {
        "@sabbour/adaptive-ui-core": "^0.2.0",
        "react": "^18.3.1",
        "react-dom": "^18.3.1"
      }
    },
    "packs/adaptive-ui-google-flights-pack": {
      "name": "@sabbour/adaptive-ui-google-flights-pack",
      "version": "0.1.0",
      "extraneous": true,
      "license": "MIT",
      "devDependencies": {
        "@types/react": "^18.3.12",
        "@types/react-dom": "^18.3.1",
        "react": "^18.3.1",
        "react-dom": "^18.3.1",
        "typescript": "~5.6.2",
        "vite": "^6.0.0"
      },
      "peerDependencies": {
        "@sabbour/adaptive-ui-core": "^0.1.0",
        "react": "^18.3.1",
        "react-dom": "^18.3.1"
      }
    },
    "packs/adaptive-ui-google-maps-pack": {
      "name": "@sabbour/adaptive-ui-google-maps-pack",
      "version": "0.1.0",
      "extraneous": true,
      "license": "MIT",
      "devDependencies": {
        "@types/react": "^18.3.12",
        "@types/react-dom": "^18.3.1",
        "react": "^18.3.1",
        "react-dom": "^18.3.1",
        "typescript": "~5.6.2"
      },
      "peerDependencies": {
        "@sabbour/adaptive-ui-core": "^0.1.0",
        "react": "^18.3.1",
        "react-dom": "^18.3.1"
      }
    },
    "packs/adaptive-ui-travel-data-pack": {
      "name": "@sabbour/adaptive-ui-travel-data-pack",
      "version": "0.1.0",
      "extraneous": true,
      "license": "MIT",
      "devDependencies": {
        "@types/react": "^18.3.12",
        "@types/react-dom": "^18.3.1",
        "react": "^18.3.1",
        "react-dom": "^18.3.1",
        "typescript": "~5.6.2"
      },
      "peerDependencies": {
        "@sabbour/adaptive-ui-core": "^0.1.0",
        "react": "^18.3.1",
        "react-dom": "^18.3.1"
      }
    }
  }
}
